
Microsoft Visual Studio Solution File, Format Version 12.00
# Visual Studio Version 16
VisualStudioVersion = 16.0.31205.134
MinimumVisualStudioVersion = 10.0.40219.1
Project("{9A19103F-16F7-4668-BE54-9A1E7A4F7556}") = "PFSoftware.FinancesApi", "FinancesApi\PFSoftware.FinancesApi.csproj", "{EDA850FD-CA92-420A-8F38-11CB08CB9A41}"
EndProject
Global
	GlobalSection(SolutionConfigurationPlatforms) = preSolution
		Debug|Any CPU = Debug|Any CPU
		Release|Any CPU = Release|Any CPU
	EndGlobalSection
	GlobalSection(ProjectConfigurationPlatforms) = postSolution
		{EDA850FD-CA92-420A-8F38-11CB08CB9A41}.Debug|Any CPU.ActiveCfg = Debug|Any CPU
		{EDA850FD-CA92-420A-8F38-11CB08CB9A41}.Debug|Any CPU.Build.0 = Debug|Any CPU
		{EDA850FD-CA92-420A-8F38-11CB08CB9A41}.Release|Any CPU.ActiveCfg = Release|Any CPU
		{EDA850FD-CA92-420A-8F38-11CB08CB9A41}.Release|Any CPU.Build.0 = Release|Any CPU
	EndGlobalSection
	GlobalSection(SolutionProperties) = preSolution
		HideSolutionNode = FALSE
	EndGlobalSection
	GlobalSection(ExtensibilityGlobals) = postSolution
		SolutionGuid = {4D3AD716-FE6D-4049-9950-52265942EF31}
	EndGlobalSection
EndGlobal
